
Microsoft Visual Studio Solution File, Format Version 12.00
# Visual Studio Version 16
VisualStudioVersion = 16.0.31005.135
MinimumVisualStudioVersion = 10.0.40219.1
Project("{9A19103F-16F7-4668-BE54-9A1E7A4F7556}") = "Arrays", "Arrays\Arrays.csproj", "{B6A18D69-D5E4-4746-86B2-0F776C340CC5}"
EndProject
Project("{9A19103F-16F7-4668-BE54-9A1E7A4F7556}") = "LinkedList", "LinkedList\LinkedList.csproj", "{54B68A27-64E1-42CE-B615-F5564D8B3A50}"
EndProject
Project("{9A19103F-16F7-4668-BE54-9A1E7A4F7556}") = "Stack", "Stack\Stack.csproj", "{C75DAE52-3221-4907-9636-EB5634DA2BBD}"
EndProject
Project("{9A19103F-16F7-4668-BE54-9A1E7A4F7556}") = "Queue", "Queue\Queue.csproj", "{B5A23AE7-2BA4-4A9E-BBD2-11D820C5FF1E}"
EndProject
Project("{9A19103F-16F7-4668-BE54-9A1E7A4F7556}") = "BinaryTree", "BinaryTree\BinaryTree.csproj", "{44363631-F40D-40DD-BC73-1BD119649D55}"
EndProject
Project("{FAE04EC0-301F-11D3-BF4B-00C04F79EFBC}") = "AVLTree", "AVLTree\AVLTree.csproj", "{80B1D932-3909-41A6-8F16-8BC44D6DE06E}"
EndProject
Global
	GlobalSection(SolutionConfigurationPlatforms) = preSolution
		Debug|Any CPU = Debug|Any CPU
		Release|Any CPU = Release|Any CPU
	EndGlobalSection
	GlobalSection(ProjectConfigurationPlatforms) = postSolution
		{B6A18D69-D5E4-4746-86B2-0F776C340CC5}.Debug|Any CPU.ActiveCfg = Debug|Any CPU
		{B6A18D69-D5E4-4746-86B2-0F776C340CC5}.Debug|Any CPU.Build.0 = Debug|Any CPU
		{B6A18D69-D5E4-4746-86B2-0F776C340CC5}.Release|Any CPU.ActiveCfg = Release|Any CPU
		{B6A18D69-D5E4-4746-86B2-0F776C340CC5}.Release|Any CPU.Build.0 = Release|Any CPU
		{54B68A27-64E1-42CE-B615-F5564D8B3A50}.Debug|Any CPU.ActiveCfg = Debug|Any CPU
		{54B68A27-64E1-42CE-B615-F5564D8B3A50}.Debug|Any CPU.Build.0 = Debug|Any CPU
		{54B68A27-64E1-42CE-B615-F5564D8B3A50}.Release|Any CPU.ActiveCfg = Release|Any CPU
		{54B68A27-64E1-42CE-B615-F5564D8B3A50}.Release|Any CPU.Build.0 = Release|Any CPU
		{C75DAE52-3221-4907-9636-EB5634DA2BBD}.Debug|Any CPU.ActiveCfg = Debug|Any CPU
		{C75DAE52-3221-4907-9636-EB5634DA2BBD}.Debug|Any CPU.Build.0 = Debug|Any CPU
		{C75DAE52-3221-4907-9636-EB5634DA2BBD}.Release|Any CPU.ActiveCfg = Release|Any CPU
		{C75DAE52-3221-4907-9636-EB5634DA2BBD}.Release|Any CPU.Build.0 = Release|Any CPU
		{B5A23AE7-2BA4-4A9E-BBD2-11D820C5FF1E}.Debug|Any CPU.ActiveCfg = Debug|Any CPU
		{B5A23AE7-2BA4-4A9E-BBD2-11D820C5FF1E}.Debug|Any CPU.Build.0 = Debug|Any CPU
		{B5A23AE7-2BA4-4A9E-BBD2-11D820C5FF1E}.Release|Any CPU.ActiveCfg = Release|Any CPU
		{B5A23AE7-2BA4-4A9E-BBD2-11D820C5FF1E}.Release|Any CPU.Build.0 = Release|Any CPU
		{44363631-F40D-40DD-BC73-1BD119649D55}.Debug|Any CPU.ActiveCfg = Debug|Any CPU
		{44363631-F40D-40DD-BC73-1BD119649D55}.Debug|Any CPU.Build.0 = Debug|Any CPU
		{44363631-F40D-40DD-BC73-1BD119649D55}.Release|Any CPU.ActiveCfg = Release|Any CPU
		{44363631-F40D-40DD-BC73-1BD119649D55}.Release|Any CPU.Build.0 = Release|Any CPU
		{80B1D932-3909-41A6-8F16-8BC44D6DE06E}.Debug|Any CPU.ActiveCfg = Debug|Any CPU
		{80B1D932-3909-41A6-8F16-8BC44D6DE06E}.Debug|Any CPU.Build.0 = Debug|Any CPU
		{80B1D932-3909-41A6-8F16-8BC44D6DE06E}.Release|Any CPU.ActiveCfg = Release|Any CPU
		{80B1D932-3909-41A6-8F16-8BC44D6DE06E}.Release|Any CPU.Build.0 = Release|Any CPU
	EndGlobalSection
	GlobalSection(SolutionProperties) = preSolution
		HideSolutionNode = FALSE
	EndGlobalSection
	GlobalSection(ExtensibilityGlobals) = postSolution
		SolutionGuid = {DE3BE7F6-A5BD-466D-951B-773A4F01DE39}
	EndGlobalSection
EndGlobal
